
Microsoft Visual Studio Solution File, Format Version 12.00
# Visual Studio Version 17
VisualStudioVersion = 17.6.33815.320
MinimumVisualStudioVersion = 10.0.40219.1
Project("{FAE04EC0-301F-11D3-BF4B-00C04F79EFBC}") = "DemoC#", "DemoC#.csproj", "{668BBD3A-9DA7-4BAF-9355-965F23DFC75D}"
EndProject
Global
	GlobalSection(SolutionConfigurationPlatforms) = preSolution
		Debug|Any CPU = Debug|Any CPU
		Release|Any CPU = Release|Any CPU
	EndGlobalSection
	GlobalSection(ProjectConfigurationPlatforms) = postSolution
		{668BBD3A-9DA7-4BAF-9355-965F23DFC75D}.Debug|Any CPU.ActiveCfg = Debug|Any CPU
		{668BBD3A-9DA7-4BAF-9355-965F23DFC75D}.Debug|Any CPU.Build.0 = Debug|Any CPU
		{668BBD3A-9DA7-4BAF-9355-965F23DFC75D}.Release|Any CPU.ActiveCfg = Release|Any CPU
		{668BBD3A-9DA7-4BAF-9355-965F23DFC75D}.Release|Any CPU.Build.0 = Release|Any CPU
	EndGlobalSection
	GlobalSection(SolutionProperties) = preSolution
		HideSolutionNode = FALSE
	EndGlobalSection
	GlobalSection(ExtensibilityGlobals) = postSolution
		SolutionGuid = {D181970B-6599-45E1-BBB2-923E842E0FB0}
	EndGlobalSection
EndGlobal
